
Microsoft Visual Studio Solution File, Format Version 11.00
# Visual Studio 2010
Project("{FAE04EC0-301F-11D3-BF4B-00C04F79EFBC}") = "google_the_crop", "google_the_crop\google_the_crop.csproj", "{98A9D06B-4D1D-4DCB-B372-208D1B3D04D5}"
EndProject
Global
	GlobalSection(SolutionConfigurationPlatforms) = preSolution
		Debug|Any CPU = Debug|Any CPU
		Release|Any CPU = Release|Any CPU
	EndGlobalSection
	GlobalSection(ProjectConfigurationPlatforms) = postSolution
		{98A9D06B-4D1D-4DCB-B372-208D1B3D04D5}.Debug|Any CPU.ActiveCfg = Debug|Any CPU
		{98A9D06B-4D1D-4DCB-B372-208D1B3D04D5}.Debug|Any CPU.Build.0 = Debug|Any CPU
		{98A9D06B-4D1D-4DCB-B372-208D1B3D04D5}.Release|Any CPU.ActiveCfg = Release|Any CPU
		{98A9D06B-4D1D-4DCB-B372-208D1B3D04D5}.Release|Any CPU.Build.0 = Release|Any CPU
	EndGlobalSection
	GlobalSection(MonoDevelopProperties) = preSolution
		StartupItem = google_the_crop\google_the_crop.csproj
	EndGlobalSection
EndGlobal
